{
  "name": "digitalmarketing",
  "version": "1.0.0",
  "lockfileVersion": 1,
  "requires": true,
  "dependencies": {
    "bower": {
      "version": "1.8.6",
      "resolved": "https://registry.npmjs.org/bower/-/bower-1.8.6.tgz",
      "integrity": "sha512-pX/kOlb+tJZnDKA3SI0pWB6UjRr1RGdfJ0XyX1CM+J60uva2w3zqV1wPXmpWYd0/H/rjJ9JNZXdG5697HOXtig=="
    },
    "nodemailer": {
      "version": "5.1.1",
      "resolved": "https://registry.npmjs.org/nodemailer/-/nodemailer-5.1.1.tgz",
      "integrity": "sha512-hKGCoeNdFL2W7S76J/Oucbw0/qRlfG815tENdhzcqTpSjKgAN91mFOqU2lQUflRRxFM7iZvCyaFcAR9noc/CqQ=="
    }
  }
}
